
Microsoft Visual Studio Solution File, Format Version 12.00
# Visual Studio Version 16
VisualStudioVersion = 16.0.30011.22
MinimumVisualStudioVersion = 10.0.40219.1
Project("{FAE04EC0-301F-11D3-BF4B-00C04F79EFBC}") = "Map映射", "Map映射\Map映射.csproj", "{DE19E7F8-8612-451B-9F19-44164B8F7EB9}"
EndProject
Global
	GlobalSection(SolutionConfigurationPlatforms) = preSolution
		Debug|Any CPU = Debug|Any CPU
		Release|Any CPU = Release|Any CPU
	EndGlobalSection
	GlobalSection(ProjectConfigurationPlatforms) = postSolution
		{DE19E7F8-8612-451B-9F19-44164B8F7EB9}.Debug|Any CPU.ActiveCfg = Debug|Any CPU
		{DE19E7F8-8612-451B-9F19-44164B8F7EB9}.Debug|Any CPU.Build.0 = Debug|Any CPU
		{DE19E7F8-8612-451B-9F19-44164B8F7EB9}.Release|Any CPU.ActiveCfg = Release|Any CPU
		{DE19E7F8-8612-451B-9F19-44164B8F7EB9}.Release|Any CPU.Build.0 = Release|Any CPU
	EndGlobalSection
	GlobalSection(SolutionProperties) = preSolution
		HideSolutionNode = FALSE
	EndGlobalSection
	GlobalSection(ExtensibilityGlobals) = postSolution
		SolutionGuid = {4DA35A09-B43F-4703-A255-F45B0F8EE7AD}
	EndGlobalSection
EndGlobal
